
Microsoft Visual Studio Solution File, Format Version 12.00
# Visual Studio Version 17
VisualStudioVersion = 17.1.32210.238
MinimumVisualStudioVersion = 10.0.40219.1
Project("{FAE04EC0-301F-11D3-BF4B-00C04F79EFBC}") = "ADIbanking", "ADIbanking.csproj", "{5570FC29-6986-4F02-83AD-AA338A8F9523}"
EndProject
Global
	GlobalSection(SolutionConfigurationPlatforms) = preSolution
		Debug|Any CPU = Debug|Any CPU
		Release|Any CPU = Release|Any CPU
	EndGlobalSection
	GlobalSection(ProjectConfigurationPlatforms) = postSolution
		{5570FC29-6986-4F02-83AD-AA338A8F9523}.Debug|Any CPU.ActiveCfg = Debug|Any CPU
		{5570FC29-6986-4F02-83AD-AA338A8F9523}.Debug|Any CPU.Build.0 = Debug|Any CPU
		{5570FC29-6986-4F02-83AD-AA338A8F9523}.Release|Any CPU.ActiveCfg = Release|Any CPU
		{5570FC29-6986-4F02-83AD-AA338A8F9523}.Release|Any CPU.Build.0 = Release|Any CPU
	EndGlobalSection
	GlobalSection(SolutionProperties) = preSolution
		HideSolutionNode = FALSE
	EndGlobalSection
	GlobalSection(ExtensibilityGlobals) = postSolution
		SolutionGuid = {61F7E093-B2EB-46F0-8B93-2065E23456F7}
	EndGlobalSection
EndGlobal
